
Microsoft Visual Studio Solution File, Format Version 12.00
# Visual Studio Version 16
VisualStudioVersion = 16.0.29926.136
MinimumVisualStudioVersion = 10.0.40219.1
Project("{FAE04EC0-301F-11D3-BF4B-00C04F79EFBC}") = "Media Editor 1.0.2", "Media Editor 1.0.2\Media Editor 1.0.2.csproj", "{9EFBCC03-3208-4C98-B681-CF0A72ED43CF}"
EndProject
Global
	GlobalSection(SolutionConfigurationPlatforms) = preSolution
		Debug|Any CPU = Debug|Any CPU
		Release|Any CPU = Release|Any CPU
	EndGlobalSection
	GlobalSection(ProjectConfigurationPlatforms) = postSolution
		{9EFBCC03-3208-4C98-B681-CF0A72ED43CF}.Debug|Any CPU.ActiveCfg = Debug|Any CPU
		{9EFBCC03-3208-4C98-B681-CF0A72ED43CF}.Debug|Any CPU.Build.0 = Debug|Any CPU
		{9EFBCC03-3208-4C98-B681-CF0A72ED43CF}.Release|Any CPU.ActiveCfg = Release|Any CPU
		{9EFBCC03-3208-4C98-B681-CF0A72ED43CF}.Release|Any CPU.Build.0 = Release|Any CPU
	EndGlobalSection
	GlobalSection(SolutionProperties) = preSolution
		HideSolutionNode = FALSE
	EndGlobalSection
	GlobalSection(ExtensibilityGlobals) = postSolution
		SolutionGuid = {ECF14FC9-7D13-408E-99B9-4BFEC0F802A3}
	EndGlobalSection
EndGlobal
